
Microsoft Visual Studio Solution File, Format Version 12.00
# Visual Studio Version 17
VisualStudioVersion = 17.9.34728.123
MinimumVisualStudioVersion = 10.0.40219.1
Project("{2150E333-8FDC-42A3-9474-1A3956D46DE8}") = "Services", "Services", "{40852120-6642-4FEE-9040-C3DA59A821E4}"
EndProject
Project("{2150E333-8FDC-42A3-9474-1A3956D46DE8}") = "Catalog", "Catalog", "{8BB9E21F-E8A7-4511-8A8D-A58C0F423DAE}"
EndProject
Project("{9A19103F-16F7-4668-BE54-9A1E7A4F7556}") = "Catalog.API", "Services\Catalog\Catalog.API\Catalog.API.csproj", "{4F43CAD8-71CC-43FA-AF39-D9140CBDC571}"
EndProject
Project("{2150E333-8FDC-42A3-9474-1A3956D46DE8}") = "BuildingBlocks", "BuildingBlocks", "{F3210769-78FE-4F3B-A4CF-0A5C786BB60D}"
EndProject
Project("{9A19103F-16F7-4668-BE54-9A1E7A4F7556}") = "BuildingBlocks", "BuildingBlocks\BuildingBlocks\BuildingBlocks.csproj", "{1AFC9AAF-CB8C-41AD-A5A7-6451AA52A229}"
EndProject
Project("{2150E333-8FDC-42A3-9474-1A3956D46DE8}") = "Basket", "Basket", "{27C89CFC-2E28-4541-88F6-E7D8BF2FCF64}"
EndProject
Project("{9A19103F-16F7-4668-BE54-9A1E7A4F7556}") = "Basket.API", "Services\Basket\Basket.API\Basket.API.csproj", "{A7CE1BEA-4195-760B-8C09-457FB57B8416}"
EndProject
Project("{E53339B2-1760-4266-BCC7-CA923CBCF16C}") = "docker-compose", "docker-compose.dcproj", "{81DDED9D-158B-E303-5F62-77A2896D2A5A}"
EndProject
Project("{2150E333-8FDC-42A3-9474-1A3956D46DE8}") = "Discount", "Discount", "{BC87847F-44C5-4608-AF89-2A2BE981EC32}"
EndProject
Project("{9A19103F-16F7-4668-BE54-9A1E7A4F7556}") = "Discount.Grpc", "Services\Discount\Discount.Grpc\Discount.Grpc.csproj", "{CD411292-5AFF-4497-8515-262BB383CFAF}"
EndProject
Project("{2150E333-8FDC-42A3-9474-1A3956D46DE8}") = "Ordering", "Ordering", "{1DA3CF58-DC06-4DC5-B8C8-D81A0948ABAF}"
EndProject
Project("{9A19103F-16F7-4668-BE54-9A1E7A4F7556}") = "Ordering.API", "Services\Ordering\Ordering.API\Ordering.API.csproj", "{374F5DC1-B13F-47CD-98A2-0FC991485A85}"
EndProject
Project("{9A19103F-16F7-4668-BE54-9A1E7A4F7556}") = "Ordering.Domain", "Services\Ordering\Ordering.Domain\Ordering.Domain.csproj", "{755B07AD-3F41-4CC6-AD9B-1CE61BA739FD}"
EndProject
Project("{9A19103F-16F7-4668-BE54-9A1E7A4F7556}") = "Ordering.Application", "Services\Ordering\Ordering.Application\Ordering.Application.csproj", "{4B68E536-F288-4592-857D-5B52557BEE08}"
EndProject
Project("{9A19103F-16F7-4668-BE54-9A1E7A4F7556}") = "Ordering.Infrastructure", "Services\Ordering\Ordering.Infrastructure\Ordering.Infrastructure.csproj", "{0912D523-7965-4BF8-B8C7-BF4CA024F73B}"
EndProject
Project("{9A19103F-16F7-4668-BE54-9A1E7A4F7556}") = "BuildingBlocks.Messaging", "BuildingBlocks\BuildingBlocks.Messaging\BuildingBlocks.Messaging.csproj", "{5CDB304F-19D1-4F65-811F-E3776757AFC5}"
EndProject
Project("{2150E333-8FDC-42A3-9474-1A3956D46DE8}") = "ApiGateways", "ApiGateways", "{EBB58D98-D2B8-4EB6-B012-929754D9E670}"
EndProject
Project("{9A19103F-16F7-4668-BE54-9A1E7A4F7556}") = "YarpApiGateway", "ApiGateways\YarpApiGateway\YarpApiGateway.csproj", "{FAAB1CD6-71B6-4746-8EBA-46DB1BF60A4C}"
EndProject
Project("{2150E333-8FDC-42A3-9474-1A3956D46DE8}") = "WebApps", "WebApps", "{CCFAFF88-1FD9-4F4D-910B-4E5C3DD6AA30}"
EndProject
Project("{FAE04EC0-301F-11D3-BF4B-00C04F79EFBC}") = "Shopping Web", "WebApps\Shopping Web\Shopping Web.csproj", "{EEC73907-06D0-4B7E-B43C-5F03B4D65595}"
EndProject
Global
	GlobalSection(SolutionConfigurationPlatforms) = preSolution
		Debug|Any CPU = Debug|Any CPU
		Release|Any CPU = Release|Any CPU
	EndGlobalSection
	GlobalSection(ProjectConfigurationPlatforms) = postSolution
		{4F43CAD8-71CC-43FA-AF39-D9140CBDC571}.Debug|Any CPU.ActiveCfg = Debug|Any CPU
		{4F43CAD8-71CC-43FA-AF39-D9140CBDC571}.Debug|Any CPU.Build.0 = Debug|Any CPU
		{4F43CAD8-71CC-43FA-AF39-D9140CBDC571}.Release|Any CPU.ActiveCfg = Release|Any CPU
		{4F43CAD8-71CC-43FA-AF39-D9140CBDC571}.Release|Any CPU.Build.0 = Release|Any CPU
		{1AFC9AAF-CB8C-41AD-A5A7-6451AA52A229}.Debug|Any CPU.ActiveCfg = Debug|Any CPU
		{1AFC9AAF-CB8C-41AD-A5A7-6451AA52A229}.Debug|Any CPU.Build.0 = Debug|Any CPU
		{1AFC9AAF-CB8C-41AD-A5A7-6451AA52A229}.Release|Any CPU.ActiveCfg = Release|Any CPU
		{1AFC9AAF-CB8C-41AD-A5A7-6451AA52A229}.Release|Any CPU.Build.0 = Release|Any CPU
		{A7CE1BEA-4195-760B-8C09-457FB57B8416}.Debug|Any CPU.ActiveCfg = Debug|Any CPU
		{A7CE1BEA-4195-760B-8C09-457FB57B8416}.Debug|Any CPU.Build.0 = Debug|Any CPU
		{A7CE1BEA-4195-760B-8C09-457FB57B8416}.Release|Any CPU.ActiveCfg = Release|Any CPU
		{A7CE1BEA-4195-760B-8C09-457FB57B8416}.Release|Any CPU.Build.0 = Release|Any CPU
		{81DDED9D-158B-E303-5F62-77A2896D2A5A}.Debug|Any CPU.ActiveCfg = Debug|Any CPU
		{81DDED9D-158B-E303-5F62-77A2896D2A5A}.Debug|Any CPU.Build.0 = Debug|Any CPU
		{81DDED9D-158B-E303-5F62-77A2896D2A5A}.Release|Any CPU.ActiveCfg = Release|Any CPU
		{81DDED9D-158B-E303-5F62-77A2896D2A5A}.Release|Any CPU.Build.0 = Release|Any CPU
		{CD411292-5AFF-4497-8515-262BB383CFAF}.Debug|Any CPU.ActiveCfg = Debug|Any CPU
		{CD411292-5AFF-4497-8515-262BB383CFAF}.Debug|Any CPU.Build.0 = Debug|Any CPU
		{CD411292-5AFF-4497-8515-262BB383CFAF}.Release|Any CPU.ActiveCfg = Release|Any CPU
		{CD411292-5AFF-4497-8515-262BB383CFAF}.Release|Any CPU.Build.0 = Release|Any CPU
		{374F5DC1-B13F-47CD-98A2-0FC991485A85}.Debug|Any CPU.ActiveCfg = Debug|Any CPU
		{374F5DC1-B13F-47CD-98A2-0FC991485A85}.Debug|Any CPU.Build.0 = Debug|Any CPU
		{374F5DC1-B13F-47CD-98A2-0FC991485A85}.Release|Any CPU.ActiveCfg = Release|Any CPU
		{374F5DC1-B13F-47CD-98A2-0FC991485A85}.Release|Any CPU.Build.0 = Release|Any CPU
		{755B07AD-3F41-4CC6-AD9B-1CE61BA739FD}.Debug|Any CPU.ActiveCfg = Debug|Any CPU
		{755B07AD-3F41-4CC6-AD9B-1CE61BA739FD}.Debug|Any CPU.Build.0 = Debug|Any CPU
		{755B07AD-3F41-4CC6-AD9B-1CE61BA739FD}.Release|Any CPU.ActiveCfg = Release|Any CPU
		{755B07AD-3F41-4CC6-AD9B-1CE61BA739FD}.Release|Any CPU.Build.0 = Release|Any CPU
		{4B68E536-F288-4592-857D-5B52557BEE08}.Debug|Any CPU.ActiveCfg = Debug|Any CPU
		{4B68E536-F288-4592-857D-5B52557BEE08}.Debug|Any CPU.Build.0 = Debug|Any CPU
		{4B68E536-F288-4592-857D-5B52557BEE08}.Release|Any CPU.ActiveCfg = Release|Any CPU
		{4B68E536-F288-4592-857D-5B52557BEE08}.Release|Any CPU.Build.0 = Release|Any CPU
		{0912D523-7965-4BF8-B8C7-BF4CA024F73B}.Debug|Any CPU.ActiveCfg = Debug|Any CPU
		{0912D523-7965-4BF8-B8C7-BF4CA024F73B}.Debug|Any CPU.Build.0 = Debug|Any CPU
		{0912D523-7965-4BF8-B8C7-BF4CA024F73B}.Release|Any CPU.ActiveCfg = Release|Any CPU
		{0912D523-7965-4BF8-B8C7-BF4CA024F73B}.Release|Any CPU.Build.0 = Release|Any CPU
		{5CDB304F-19D1-4F65-811F-E3776757AFC5}.Debug|Any CPU.ActiveCfg = Debug|Any CPU
		{5CDB304F-19D1-4F65-811F-E3776757AFC5}.Debug|Any CPU.Build.0 = Debug|Any CPU
		{5CDB304F-19D1-4F65-811F-E3776757AFC5}.Release|Any CPU.ActiveCfg = Release|Any CPU
		{5CDB304F-19D1-4F65-811F-E3776757AFC5}.Release|Any CPU.Build.0 = Release|Any CPU
		{FAAB1CD6-71B6-4746-8EBA-46DB1BF60A4C}.Debug|Any CPU.ActiveCfg = Debug|Any CPU
		{FAAB1CD6-71B6-4746-8EBA-46DB1BF60A4C}.Debug|Any CPU.Build.0 = Debug|Any CPU
		{FAAB1CD6-71B6-4746-8EBA-46DB1BF60A4C}.Release|Any CPU.ActiveCfg = Release|Any CPU
		{FAAB1CD6-71B6-4746-8EBA-46DB1BF60A4C}.Release|Any CPU.Build.0 = Release|Any CPU
		{EEC73907-06D0-4B7E-B43C-5F03B4D65595}.Debug|Any CPU.ActiveCfg = Debug|Any CPU
		{EEC73907-06D0-4B7E-B43C-5F03B4D65595}.Debug|Any CPU.Build.0 = Debug|Any CPU
		{EEC73907-06D0-4B7E-B43C-5F03B4D65595}.Release|Any CPU.ActiveCfg = Release|Any CPU
		{EEC73907-06D0-4B7E-B43C-5F03B4D65595}.Release|Any CPU.Build.0 = Release|Any CPU
	EndGlobalSection
	GlobalSection(SolutionProperties) = preSolution
		HideSolutionNode = FALSE
	EndGlobalSection
	GlobalSection(NestedProjects) = preSolution
		{8BB9E21F-E8A7-4511-8A8D-A58C0F423DAE} = {40852120-6642-4FEE-9040-C3DA59A821E4}
		{4F43CAD8-71CC-43FA-AF39-D9140CBDC571} = {8BB9E21F-E8A7-4511-8A8D-A58C0F423DAE}
		{1AFC9AAF-CB8C-41AD-A5A7-6451AA52A229} = {F3210769-78FE-4F3B-A4CF-0A5C786BB60D}
		{27C89CFC-2E28-4541-88F6-E7D8BF2FCF64} = {40852120-6642-4FEE-9040-C3DA59A821E4}
		{A7CE1BEA-4195-760B-8C09-457FB57B8416} = {27C89CFC-2E28-4541-88F6-E7D8BF2FCF64}
		{BC87847F-44C5-4608-AF89-2A2BE981EC32} = {40852120-6642-4FEE-9040-C3DA59A821E4}
		{CD411292-5AFF-4497-8515-262BB383CFAF} = {BC87847F-44C5-4608-AF89-2A2BE981EC32}
		{1DA3CF58-DC06-4DC5-B8C8-D81A0948ABAF} = {40852120-6642-4FEE-9040-C3DA59A821E4}
		{374F5DC1-B13F-47CD-98A2-0FC991485A85} = {1DA3CF58-DC06-4DC5-B8C8-D81A0948ABAF}
		{755B07AD-3F41-4CC6-AD9B-1CE61BA739FD} = {1DA3CF58-DC06-4DC5-B8C8-D81A0948ABAF}
		{4B68E536-F288-4592-857D-5B52557BEE08} = {1DA3CF58-DC06-4DC5-B8C8-D81A0948ABAF}
		{0912D523-7965-4BF8-B8C7-BF4CA024F73B} = {1DA3CF58-DC06-4DC5-B8C8-D81A0948ABAF}
		{5CDB304F-19D1-4F65-811F-E3776757AFC5} = {F3210769-78FE-4F3B-A4CF-0A5C786BB60D}
		{FAAB1CD6-71B6-4746-8EBA-46DB1BF60A4C} = {EBB58D98-D2B8-4EB6-B012-929754D9E670}
		{EEC73907-06D0-4B7E-B43C-5F03B4D65595} = {CCFAFF88-1FD9-4F4D-910B-4E5C3DD6AA30}
	EndGlobalSection
	GlobalSection(ExtensibilityGlobals) = postSolution
		SolutionGuid = {DBD17E08-103A-44B6-9D74-3CA5988BC340}
	EndGlobalSection
EndGlobal
